
Microsoft Visual Studio Solution File, Format Version 12.00
# Visual Studio 15
VisualStudioVersion = 15.0.27703.2000
MinimumVisualStudioVersion = 10.0.40219.1
Project("{9A19103F-16F7-4668-BE54-9A1E7A4F7556}") = "FunctionChaining", "FunctionChaining\FunctionChaining.csproj", "{421C5F77-35A6-489F-870D-81C385B7588A}"
EndProject
Project("{9A19103F-16F7-4668-BE54-9A1E7A4F7556}") = "FanOut", "FanOut\FanOut.csproj", "{B59172B1-18ED-4D8D-B681-5A7A0FA4EBAA}"
EndProject
Project("{9A19103F-16F7-4668-BE54-9A1E7A4F7556}") = "Shared", "Shared\Shared.csproj", "{87AC179F-132E-4AA6-BEC7-543D03A63F6D}"
EndProject
Project("{FAE04EC0-301F-11D3-BF4B-00C04F79EFBC}") = "Timeout", "Timeout\Timeout.csproj", "{E41DFA41-A2FA-4B75-B3D5-F7AE264F3ABC}"
EndProject
Project("{FAE04EC0-301F-11D3-BF4B-00C04F79EFBC}") = "ExternalInteraction", "ExternalInteraction\ExternalInteraction.csproj", "{FADE4954-4088-4078-8BB3-8BF5959E279A}"
EndProject
Global
	GlobalSection(SolutionConfigurationPlatforms) = preSolution
		Debug|Any CPU = Debug|Any CPU
		Release|Any CPU = Release|Any CPU
	EndGlobalSection
	GlobalSection(ProjectConfigurationPlatforms) = postSolution
		{421C5F77-35A6-489F-870D-81C385B7588A}.Debug|Any CPU.ActiveCfg = Debug|Any CPU
		{421C5F77-35A6-489F-870D-81C385B7588A}.Debug|Any CPU.Build.0 = Debug|Any CPU
		{421C5F77-35A6-489F-870D-81C385B7588A}.Release|Any CPU.ActiveCfg = Release|Any CPU
		{421C5F77-35A6-489F-870D-81C385B7588A}.Release|Any CPU.Build.0 = Release|Any CPU
		{B59172B1-18ED-4D8D-B681-5A7A0FA4EBAA}.Debug|Any CPU.ActiveCfg = Debug|Any CPU
		{B59172B1-18ED-4D8D-B681-5A7A0FA4EBAA}.Debug|Any CPU.Build.0 = Debug|Any CPU
		{B59172B1-18ED-4D8D-B681-5A7A0FA4EBAA}.Release|Any CPU.ActiveCfg = Release|Any CPU
		{B59172B1-18ED-4D8D-B681-5A7A0FA4EBAA}.Release|Any CPU.Build.0 = Release|Any CPU
		{87AC179F-132E-4AA6-BEC7-543D03A63F6D}.Debug|Any CPU.ActiveCfg = Debug|Any CPU
		{87AC179F-132E-4AA6-BEC7-543D03A63F6D}.Debug|Any CPU.Build.0 = Debug|Any CPU
		{87AC179F-132E-4AA6-BEC7-543D03A63F6D}.Release|Any CPU.ActiveCfg = Release|Any CPU
		{87AC179F-132E-4AA6-BEC7-543D03A63F6D}.Release|Any CPU.Build.0 = Release|Any CPU
		{E41DFA41-A2FA-4B75-B3D5-F7AE264F3ABC}.Debug|Any CPU.ActiveCfg = Debug|Any CPU
		{E41DFA41-A2FA-4B75-B3D5-F7AE264F3ABC}.Debug|Any CPU.Build.0 = Debug|Any CPU
		{E41DFA41-A2FA-4B75-B3D5-F7AE264F3ABC}.Release|Any CPU.ActiveCfg = Release|Any CPU
		{E41DFA41-A2FA-4B75-B3D5-F7AE264F3ABC}.Release|Any CPU.Build.0 = Release|Any CPU
		{FADE4954-4088-4078-8BB3-8BF5959E279A}.Debug|Any CPU.ActiveCfg = Debug|Any CPU
		{FADE4954-4088-4078-8BB3-8BF5959E279A}.Debug|Any CPU.Build.0 = Debug|Any CPU
		{FADE4954-4088-4078-8BB3-8BF5959E279A}.Release|Any CPU.ActiveCfg = Release|Any CPU
		{FADE4954-4088-4078-8BB3-8BF5959E279A}.Release|Any CPU.Build.0 = Release|Any CPU
	EndGlobalSection
	GlobalSection(SolutionProperties) = preSolution
		HideSolutionNode = FALSE
	EndGlobalSection
	GlobalSection(ExtensibilityGlobals) = postSolution
		SolutionGuid = {29F49042-53DF-4622-91E1-1583BDC305D1}
	EndGlobalSection
EndGlobal
